
Microsoft Visual Studio Solution File, Format Version 12.00
# Visual Studio 2012
Project("{FAE04EC0-301F-11D3-BF4B-00C04F79EFBC}") = "Cblog.Model", "Cblog.Model\Cblog.Model.csproj", "{0C0A25DE-816F-40DF-A53B-CBDD6E5AB156}"
EndProject
Project("{FAE04EC0-301F-11D3-BF4B-00C04F79EFBC}") = "Cblog.Repository", "Cblog.Repository\Cblog.Repository.csproj", "{64098C00-E979-4848-A9C5-243E77B5A0C9}"
EndProject
Project("{FAE04EC0-301F-11D3-BF4B-00C04F79EFBC}") = "Cblog.Tests", "Cblog.Tests\Cblog.Tests.csproj", "{E0E5F9E9-C455-4344-B2CC-BBE449081C8B}"
EndProject
Project("{FAE04EC0-301F-11D3-BF4B-00C04F79EFBC}") = "Cblog.Web", "Cblog.Web\Cblog.Web.csproj", "{E93C8195-7D8B-424C-8C51-879F6120A70A}"
EndProject
Global
	GlobalSection(SolutionConfigurationPlatforms) = preSolution
		Debug|Any CPU = Debug|Any CPU
		Release|Any CPU = Release|Any CPU
	EndGlobalSection
	GlobalSection(ProjectConfigurationPlatforms) = postSolution
		{0C0A25DE-816F-40DF-A53B-CBDD6E5AB156}.Debug|Any CPU.ActiveCfg = Debug|Any CPU
		{0C0A25DE-816F-40DF-A53B-CBDD6E5AB156}.Debug|Any CPU.Build.0 = Debug|Any CPU
		{0C0A25DE-816F-40DF-A53B-CBDD6E5AB156}.Release|Any CPU.ActiveCfg = Release|Any CPU
		{0C0A25DE-816F-40DF-A53B-CBDD6E5AB156}.Release|Any CPU.Build.0 = Release|Any CPU
		{64098C00-E979-4848-A9C5-243E77B5A0C9}.Debug|Any CPU.ActiveCfg = Debug|Any CPU
		{64098C00-E979-4848-A9C5-243E77B5A0C9}.Debug|Any CPU.Build.0 = Debug|Any CPU
		{64098C00-E979-4848-A9C5-243E77B5A0C9}.Release|Any CPU.ActiveCfg = Release|Any CPU
		{64098C00-E979-4848-A9C5-243E77B5A0C9}.Release|Any CPU.Build.0 = Release|Any CPU
		{E0E5F9E9-C455-4344-B2CC-BBE449081C8B}.Debug|Any CPU.ActiveCfg = Debug|Any CPU
		{E0E5F9E9-C455-4344-B2CC-BBE449081C8B}.Debug|Any CPU.Build.0 = Debug|Any CPU
		{E0E5F9E9-C455-4344-B2CC-BBE449081C8B}.Release|Any CPU.ActiveCfg = Release|Any CPU
		{E0E5F9E9-C455-4344-B2CC-BBE449081C8B}.Release|Any CPU.Build.0 = Release|Any CPU
		{E93C8195-7D8B-424C-8C51-879F6120A70A}.Debug|Any CPU.ActiveCfg = Debug|Any CPU
		{E93C8195-7D8B-424C-8C51-879F6120A70A}.Debug|Any CPU.Build.0 = Debug|Any CPU
		{E93C8195-7D8B-424C-8C51-879F6120A70A}.Release|Any CPU.ActiveCfg = Release|Any CPU
		{E93C8195-7D8B-424C-8C51-879F6120A70A}.Release|Any CPU.Build.0 = Release|Any CPU
	EndGlobalSection
	GlobalSection(SolutionProperties) = preSolution
		HideSolutionNode = FALSE
	EndGlobalSection
EndGlobal
